
Microsoft Visual Studio Solution File, Format Version 12.00
# Visual Studio Version 17
VisualStudioVersion = 17.14.37012.4 d17.14
MinimumVisualStudioVersion = 10.0.40219.1
Project("{FAE04EC0-301F-11D3-BF4B-00C04F79EFBC}") = "WindowsFormsApp1", "WindowsFormsApp1.csproj", "{50A08DE5-6BB0-4880-AEB7-DD8FA94FEC75}"
EndProject
Global
	GlobalSection(SolutionConfigurationPlatforms) = preSolution
		Debug|Any CPU = Debug|Any CPU
		Release|Any CPU = Release|Any CPU
	EndGlobalSection
	GlobalSection(ProjectConfigurationPlatforms) = postSolution
		{50A08DE5-6BB0-4880-AEB7-DD8FA94FEC75}.Debug|Any CPU.ActiveCfg = Debug|Any CPU
		{50A08DE5-6BB0-4880-AEB7-DD8FA94FEC75}.Debug|Any CPU.Build.0 = Debug|Any CPU
		{50A08DE5-6BB0-4880-AEB7-DD8FA94FEC75}.Release|Any CPU.ActiveCfg = Release|Any CPU
		{50A08DE5-6BB0-4880-AEB7-DD8FA94FEC75}.Release|Any CPU.Build.0 = Release|Any CPU
	EndGlobalSection
	GlobalSection(SolutionProperties) = preSolution
		HideSolutionNode = FALSE
	EndGlobalSection
	GlobalSection(ExtensibilityGlobals) = postSolution
		SolutionGuid = {8198CE4E-C854-4505-B0B4-8852A94A692C}
	EndGlobalSection
EndGlobal
